
Microsoft Visual Studio Solution File, Format Version 12.00
# Visual Studio 14
VisualStudioVersion = 14.0.25420.1
MinimumVisualStudioVersion = 10.0.40219.1
Project("{FAE04EC0-301F-11D3-BF4B-00C04F79EFBC}") = "IntrinioDownloaderLib", "IntrinioDownloaderLib\IntrinioDownloaderLib.csproj", "{AA2EFA2E-599F-4770-BE84-6B778E46C005}"
EndProject
Project("{FAE04EC0-301F-11D3-BF4B-00C04F79EFBC}") = "CmdUtility", "CmdUtility\CmdUtility.csproj", "{0C87A581-0481-467F-BD21-C419A1B20B7F}"
EndProject
Project("{FAE04EC0-301F-11D3-BF4B-00C04F79EFBC}") = "StockDataDownloader", "StockDataDownloader\StockDataDownloader.csproj", "{ED94DD4F-AF89-4D33-A50D-D2CE1E28541F}"
EndProject
Global
	GlobalSection(SolutionConfigurationPlatforms) = preSolution
		Debug|Any CPU = Debug|Any CPU
		Release|Any CPU = Release|Any CPU
	EndGlobalSection
	GlobalSection(ProjectConfigurationPlatforms) = postSolution
		{AA2EFA2E-599F-4770-BE84-6B778E46C005}.Debug|Any CPU.ActiveCfg = Debug|Any CPU
		{AA2EFA2E-599F-4770-BE84-6B778E46C005}.Debug|Any CPU.Build.0 = Debug|Any CPU
		{AA2EFA2E-599F-4770-BE84-6B778E46C005}.Release|Any CPU.ActiveCfg = Release|Any CPU
		{AA2EFA2E-599F-4770-BE84-6B778E46C005}.Release|Any CPU.Build.0 = Release|Any CPU
		{0C87A581-0481-467F-BD21-C419A1B20B7F}.Debug|Any CPU.ActiveCfg = Debug|Any CPU
		{0C87A581-0481-467F-BD21-C419A1B20B7F}.Debug|Any CPU.Build.0 = Debug|Any CPU
		{0C87A581-0481-467F-BD21-C419A1B20B7F}.Release|Any CPU.ActiveCfg = Release|Any CPU
		{0C87A581-0481-467F-BD21-C419A1B20B7F}.Release|Any CPU.Build.0 = Release|Any CPU
		{ED94DD4F-AF89-4D33-A50D-D2CE1E28541F}.Debug|Any CPU.ActiveCfg = Debug|Any CPU
		{ED94DD4F-AF89-4D33-A50D-D2CE1E28541F}.Debug|Any CPU.Build.0 = Debug|Any CPU
		{ED94DD4F-AF89-4D33-A50D-D2CE1E28541F}.Release|Any CPU.ActiveCfg = Release|Any CPU
		{ED94DD4F-AF89-4D33-A50D-D2CE1E28541F}.Release|Any CPU.Build.0 = Release|Any CPU
	EndGlobalSection
	GlobalSection(SolutionProperties) = preSolution
		HideSolutionNode = FALSE
	EndGlobalSection
EndGlobal
